
Microsoft Visual Studio Solution File, Format Version 12.00
# Visual Studio Version 16
VisualStudioVersion = 16.0.29424.173
MinimumVisualStudioVersion = 10.0.40219.1
Project("{9A19103F-16F7-4668-BE54-9A1E7A4F7556}") = "WideWorldImporters.API", "WideWorldImporters.API\WideWorldImporters.API.csproj", "{F82F539D-CE1A-4F84-ABD5-0257D8B371A6}"
EndProject
Project("{FAE04EC0-301F-11D3-BF4B-00C04F79EFBC}") = "WideWorldImporters.API.UnitTests", "WideWorldImporters.API.UnitTests\WideWorldImporters.API.UnitTests.csproj", "{81841820-FBED-4EA7-9A79-B16EC68267FB}"
EndProject
Project("{FAE04EC0-301F-11D3-BF4B-00C04F79EFBC}") = "WideWorldImporters.API.IntegrationTests", "WideWorldImporters.API.IntegrationTests\WideWorldImporters.API.IntegrationTests.csproj", "{48594ACB-F457-407E-829F-61707C51A8D6}"
EndProject
Project("{2150E333-8FDC-42A3-9474-1A3956D46DE8}") = "setup db", "setup db", "{2C350EDA-79D7-489F-B0A8-B840B3DBB19B}"
	ProjectSection(SolutionItems) = preProject
		D:\SQLbackups\WideWorldImporters-Full.bak = D:\SQLbackups\WideWorldImporters-Full.bak
	EndProjectSection
EndProject
Global
	GlobalSection(SolutionConfigurationPlatforms) = preSolution
		Debug|Any CPU = Debug|Any CPU
		Release|Any CPU = Release|Any CPU
	EndGlobalSection
	GlobalSection(ProjectConfigurationPlatforms) = postSolution
		{F82F539D-CE1A-4F84-ABD5-0257D8B371A6}.Debug|Any CPU.ActiveCfg = Debug|Any CPU
		{F82F539D-CE1A-4F84-ABD5-0257D8B371A6}.Debug|Any CPU.Build.0 = Debug|Any CPU
		{F82F539D-CE1A-4F84-ABD5-0257D8B371A6}.Release|Any CPU.ActiveCfg = Release|Any CPU
		{F82F539D-CE1A-4F84-ABD5-0257D8B371A6}.Release|Any CPU.Build.0 = Release|Any CPU
		{81841820-FBED-4EA7-9A79-B16EC68267FB}.Debug|Any CPU.ActiveCfg = Debug|Any CPU
		{81841820-FBED-4EA7-9A79-B16EC68267FB}.Debug|Any CPU.Build.0 = Debug|Any CPU
		{81841820-FBED-4EA7-9A79-B16EC68267FB}.Release|Any CPU.ActiveCfg = Release|Any CPU
		{81841820-FBED-4EA7-9A79-B16EC68267FB}.Release|Any CPU.Build.0 = Release|Any CPU
		{48594ACB-F457-407E-829F-61707C51A8D6}.Debug|Any CPU.ActiveCfg = Debug|Any CPU
		{48594ACB-F457-407E-829F-61707C51A8D6}.Debug|Any CPU.Build.0 = Debug|Any CPU
		{48594ACB-F457-407E-829F-61707C51A8D6}.Release|Any CPU.ActiveCfg = Release|Any CPU
		{48594ACB-F457-407E-829F-61707C51A8D6}.Release|Any CPU.Build.0 = Release|Any CPU
	EndGlobalSection
	GlobalSection(SolutionProperties) = preSolution
		HideSolutionNode = FALSE
	EndGlobalSection
	GlobalSection(ExtensibilityGlobals) = postSolution
		SolutionGuid = {DA500AAB-2D72-46A3-9812-A8C654E7153A}
	EndGlobalSection
EndGlobal
